// !$*UTF8*$!
{
	archiveVersion = 1;
	classes = {
	};
	objectVersion = 46;
	objects = {

/* Begin PBXBuildFile section */
		BE69609E1BF392400085FE07 /* presentation.h in Headers */ = {isa = PBXBuildFile; fileRef = BE69609D1BF392400085FE07 /* presentation.h */; settings = {ATTRIBUTES = (Public, ); }; };
		BE6960A51BF392400085FE07 /* presentation.framework in Frameworks */ = {isa = PBXBuildFile; fileRef = BE69609B1BF3923F0085FE07 /* presentation.framework */; };
		BE6960AC1BF392400085FE07 /* presentationTests.swift in Sources */ = {isa = PBXBuildFile; fileRef = BE6960AB1BF392400085FE07 /* presentationTests.swift */; };
		BE6960B01BF392400085FE07 /* presentation.framework in Frameworks */ = {isa = PBXBuildFile; fileRef = BE69609B1BF3923F0085FE07 /* presentation.framework */; };
		BE6960B11BF392400085FE07 /* presentation.framework in Embed Frameworks */ = {isa = PBXBuildFile; fileRef = BE69609B1BF3923F0085FE07 /* presentation.framework */; settings = {ATTRIBUTES = (CodeSignOnCopy, RemoveHeadersOnCopy, ); }; };
		BE6960B81BF3929D0085FE07 /* domain.framework in Frameworks */ = {isa = PBXBuildFile; fileRef = BEE5A1731BF0E75C00131875 /* domain.framework */; };
		BEB391DB1BEBA85300D2C603 /* BackgroundExecutor.swift in Sources */ = {isa = PBXBuildFile; fileRef = BEB391DA1BEBA85300D2C603 /* BackgroundExecutor.swift */; };
		BECF93291BF4E06200084E6C /* TestExecutor.swift in Sources */ = {isa = PBXBuildFile; fileRef = BEFF41001BF24E0D0025130E /* TestExecutor.swift */; };
		BED782F71BC6AF5D00F3CD14 /* AppDelegate.swift in Sources */ = {isa = PBXBuildFile; fileRef = BED782F61BC6AF5D00F3CD14 /* AppDelegate.swift */; };
		BED782F91BC6AF5D00F3CD14 /* RomanConverterViewController.swift in Sources */ = {isa = PBXBuildFile; fileRef = BED782F81BC6AF5D00F3CD14 /* RomanConverterViewController.swift */; };
		BED782FC1BC6AF5D00F3CD14 /* Main.storyboard in Resources */ = {isa = PBXBuildFile; fileRef = BED782FA1BC6AF5D00F3CD14 /* Main.storyboard */; };
		BED782FE1BC6AF5D00F3CD14 /* Assets.xcassets in Resources */ = {isa = PBXBuildFile; fileRef = BED782FD1BC6AF5D00F3CD14 /* Assets.xcassets */; };
		BED783011BC6AF5D00F3CD14 /* LaunchScreen.storyboard in Resources */ = {isa = PBXBuildFile; fileRef = BED782FF1BC6AF5D00F3CD14 /* LaunchScreen.storyboard */; };
		BEE5A1761BF0E75C00131875 /* domain.h in Headers */ = {isa = PBXBuildFile; fileRef = BEE5A1751BF0E75C00131875 /* domain.h */; settings = {ATTRIBUTES = (Public, ); }; };
		BEE5A17D1BF0E75C00131875 /* domain.framework in Frameworks */ = {isa = PBXBuildFile; fileRef = BEE5A1731BF0E75C00131875 /* domain.framework */; };
		BEE5A1891BF0E75C00131875 /* domain.framework in Embed Frameworks */ = {isa = PBXBuildFile; fileRef = BEE5A1731BF0E75C00131875 /* domain.framework */; settings = {ATTRIBUTES = (CodeSignOnCopy, RemoveHeadersOnCopy, ); }; };
		BEE5A1A61BF0FBB800131875 /* BackgroundExecutorTestCase.swift in Sources */ = {isa = PBXBuildFile; fileRef = BEE5A1A51BF0FBB800131875 /* BackgroundExecutorTestCase.swift */; };
		BEE5A1A91BF0FBCA00131875 /* ConvertToRomanInteractorTestCase.swift in Sources */ = {isa = PBXBuildFile; fileRef = BEE5A1A71BF0FBCA00131875 /* ConvertToRomanInteractorTestCase.swift */; };
		BEE5A1AA1BF0FBCA00131875 /* InvokerCommandFacadeTestCase.swift in Sources */ = {isa = PBXBuildFile; fileRef = BEE5A1A81BF0FBCA00131875 /* InvokerCommandFacadeTestCase.swift */; };
		BEEE4F221BF640390097E8D2 /* ConsoleLoggerTestCase.swift in Sources */ = {isa = PBXBuildFile; fileRef = BEEE4F211BF640390097E8D2 /* ConsoleLoggerTestCase.swift */; };
		BEEE4F261BF640840097E8D2 /* ConvertToRomanCommand.swift in Sources */ = {isa = PBXBuildFile; fileRef = BEEE4F231BF640840097E8D2 /* ConvertToRomanCommand.swift */; };
		BEEE4F271BF640840097E8D2 /* ConvertToRomanFacade.swift in Sources */ = {isa = PBXBuildFile; fileRef = BEEE4F241BF640840097E8D2 /* ConvertToRomanFacade.swift */; };
		BEEE4F281BF640840097E8D2 /* ConvertToRomanInteractor.swift in Sources */ = {isa = PBXBuildFile; fileRef = BEEE4F251BF640840097E8D2 /* ConvertToRomanInteractor.swift */; };
		BEEE4F2A1BF640D90097E8D2 /* Executor.swift in Sources */ = {isa = PBXBuildFile; fileRef = BEEE4F291BF640D90097E8D2 /* Executor.swift */; };
		BEEE4F2C1BF640E70097E8D2 /* Logger.swift in Sources */ = {isa = PBXBuildFile; fileRef = BEEE4F2B1BF640E70097E8D2 /* Logger.swift */; };
		BEEE4F321BF641210097E8D2 /* BaseCommand.swift in Sources */ = {isa = PBXBuildFile; fileRef = BEEE4F2D1BF641210097E8D2 /* BaseCommand.swift */; };
		BEEE4F331BF641210097E8D2 /* BaseFacade.swift in Sources */ = {isa = PBXBuildFile; fileRef = BEEE4F2E1BF641210097E8D2 /* BaseFacade.swift */; };
		BEEE4F341BF641210097E8D2 /* Command.swift in Sources */ = {isa = PBXBuildFile; fileRef = BEEE4F2F1BF641210097E8D2 /* Command.swift */; };
		BEEE4F351BF641210097E8D2 /* Invoker.swift in Sources */ = {isa = PBXBuildFile; fileRef = BEEE4F301BF641210097E8D2 /* Invoker.swift */; };
		BEEE4F361BF641210097E8D2 /* LoggingInvoker.swift in Sources */ = {isa = PBXBuildFile; fileRef = BEEE4F311BF641210097E8D2 /* LoggingInvoker.swift */; };
		BEEE4F381BF6417D0097E8D2 /* RomanConverterPresenter.swift in Sources */ = {isa = PBXBuildFile; fileRef = BEEE4F371BF6417D0097E8D2 /* RomanConverterPresenter.swift */; };
		BEEE4F531BFA2F460097E8D2 /* Swinject.framework in Frameworks */ = {isa = PBXBuildFile; fileRef = BEEE4F521BFA2F460097E8D2 /* Swinject.framework */; };
		BEEE4F541BFA2F460097E8D2 /* Swinject.framework in Embed Frameworks */ = {isa = PBXBuildFile; fileRef = BEEE4F521BFA2F460097E8D2 /* Swinject.framework */; settings = {ATTRIBUTES = (CodeSignOnCopy, RemoveHeadersOnCopy, ); }; };
		BEFF41011BF24E0D0025130E /* TestExecutor.swift in Sources */ = {isa = PBXBuildFile; fileRef = BEFF41001BF24E0D0025130E /* TestExecutor.swift */; };
		BEFF41081BF2654B0025130E /* ConsoleLogger.swift in Sources */ = {isa = PBXBuildFile; fileRef = BEFF41071BF2654B0025130E /* ConsoleLogger.swift */; };
/* End PBXBuildFile section */

/* Begin PBXContainerItemProxy section */
		BE6960A61BF392400085FE07 /* PBXContainerItemProxy */ = {
			isa = PBXContainerItemProxy;
			containerPortal = BED782EB1BC6AF5D00F3CD14 /* Project object */;
			proxyType = 1;
			remoteGlobalIDString = BE69609A1BF3923F0085FE07;
			remoteInfo = presentation;
		};
		BE6960A81BF392400085FE07 /* PBXContainerItemProxy */ = {
			isa = PBXContainerItemProxy;
			containerPortal = BED782EB1BC6AF5D00F3CD14 /* Project object */;
			proxyType = 1;
			remoteGlobalIDString = BED782F21BC6AF5D00F3CD14;
			remoteInfo = "kata-roman-numeral";
		};
		BE6960AE1BF392400085FE07 /* PBXContainerItemProxy */ = {
			isa = PBXContainerItemProxy;
			containerPortal = BED782EB1BC6AF5D00F3CD14 /* Project object */;
			proxyType = 1;
			remoteGlobalIDString = BE69609A1BF3923F0085FE07;
			remoteInfo = presentation;
		};
		BE6960B91BF392A20085FE07 /* PBXContainerItemProxy */ = {
			isa = PBXContainerItemProxy;
			containerPortal = BED782EB1BC6AF5D00F3CD14 /* Project object */;
			proxyType = 1;
			remoteGlobalIDString = BEE5A1721BF0E75C00131875;
			remoteInfo = domain;
		};
		BED783081BC6AF5D00F3CD14 /* PBXContainerItemProxy */ = {
			isa = PBXContainerItemProxy;
			containerPortal = BED782EB1BC6AF5D00F3CD14 /* Project object */;
			proxyType = 1;
			remoteGlobalIDString = BED782F21BC6AF5D00F3CD14;
			remoteInfo = "kata-roman-numeral";
		};
		BEE5A17E1BF0E75C00131875 /* PBXContainerItemProxy */ = {
			isa = PBXContainerItemProxy;
			containerPortal = BED782EB1BC6AF5D00F3CD14 /* Project object */;
			proxyType = 1;
			remoteGlobalIDString = BEE5A1721BF0E75C00131875;
			remoteInfo = domain;
		};
/* End PBXContainerItemProxy section */

/* Begin PBXCopyFilesBuildPhase section */
		BEB392111BECF84500D2C603 /* Embed Frameworks */ = {
			isa = PBXCopyFilesBuildPhase;
			buildActionMask = 2147483647;
			dstPath = "";
			dstSubfolderSpec = 10;
			files = (
				BEEE4F541BFA2F460097E8D2 /* Swinject.framework in Embed Frameworks */,
				BE6960B11BF392400085FE07 /* presentation.framework in Embed Frameworks */,
				BEE5A1891BF0E75C00131875 /* domain.framework in Embed Frameworks */,
			);
			name = "Embed Frameworks";
			runOnlyForDeploymentPostprocessing = 0;
		};
/* End PBXCopyFilesBuildPhase section */

/* Begin PBXFileReference section */
		BE69609B1BF3923F0085FE07 /* presentation.framework */ = {isa = PBXFileReference; explicitFileType = wrapper.framework; includeInIndex = 0; path = presentation.framework; sourceTree = BUILT_PRODUCTS_DIR; };
		BE69609D1BF392400085FE07 /* presentation.h */ = {isa = PBXFileReference; lastKnownFileType = sourcecode.c.h; path = presentation.h; sourceTree = "<group>"; };
		BE69609F1BF392400085FE07 /* Info.plist */ = {isa = PBXFileReference; lastKnownFileType = text.plist.xml; path = Info.plist; sourceTree = "<group>"; };
		BE6960A41BF392400085FE07 /* presentationTests.xctest */ = {isa = PBXFileReference; explicitFileType = wrapper.cfbundle; includeInIndex = 0; path = presentationTests.xctest; sourceTree = BUILT_PRODUCTS_DIR; };
		BE6960AB1BF392400085FE07 /* presentationTests.swift */ = {isa = PBXFileReference; lastKnownFileType = sourcecode.swift; path = presentationTests.swift; sourceTree = "<group>"; };
		BE6960AD1BF392400085FE07 /* Info.plist */ = {isa = PBXFileReference; lastKnownFileType = text.plist.xml; path = Info.plist; sourceTree = "<group>"; };
		BEB391DA1BEBA85300D2C603 /* BackgroundExecutor.swift */ = {isa = PBXFileReference; fileEncoding = 4; lastKnownFileType = sourcecode.swift; path = BackgroundExecutor.swift; sourceTree = "<group>"; };
		BED782F31BC6AF5D00F3CD14 /* kata-roman-numeral.app */ = {isa = PBXFileReference; explicitFileType = wrapper.application; includeInIndex = 0; path = "kata-roman-numeral.app"; sourceTree = BUILT_PRODUCTS_DIR; };
		BED782F61BC6AF5D00F3CD14 /* AppDelegate.swift */ = {isa = PBXFileReference; lastKnownFileType = sourcecode.swift; path = AppDelegate.swift; sourceTree = "<group>"; };
		BED782F81BC6AF5D00F3CD14 /* RomanConverterViewController.swift */ = {isa = PBXFileReference; lastKnownFileType = sourcecode.swift; path = RomanConverterViewController.swift; sourceTree = "<group>"; };
		BED782FB1BC6AF5D00F3CD14 /* Base */ = {isa = PBXFileReference; lastKnownFileType = file.storyboard; name = Base; path = Base.lproj/Main.storyboard; sourceTree = "<group>"; };
		BED782FD1BC6AF5D00F3CD14 /* Assets.xcassets */ = {isa = PBXFileReference; lastKnownFileType = folder.assetcatalog; path = Assets.xcassets; sourceTree = "<group>"; };
		BED783001BC6AF5D00F3CD14 /* Base */ = {isa = PBXFileReference; lastKnownFileType = file.storyboard; name = Base; path = Base.lproj/LaunchScreen.storyboard; sourceTree = "<group>"; };
		BED783021BC6AF5D00F3CD14 /* Info.plist */ = {isa = PBXFileReference; lastKnownFileType = text.plist.xml; path = Info.plist; sourceTree = "<group>"; };
		BED783071BC6AF5D00F3CD14 /* kata-roman-numeralTests.xctest */ = {isa = PBXFileReference; explicitFileType = wrapper.cfbundle; includeInIndex = 0; path = "kata-roman-numeralTests.xctest"; sourceTree = BUILT_PRODUCTS_DIR; };
		BEE5A1731BF0E75C00131875 /* domain.framework */ = {isa = PBXFileReference; explicitFileType = wrapper.framework; includeInIndex = 0; path = domain.framework; sourceTree = BUILT_PRODUCTS_DIR; };
		BEE5A1751BF0E75C00131875 /* domain.h */ = {isa = PBXFileReference; lastKnownFileType = sourcecode.c.h; path = domain.h; sourceTree = "<group>"; };
		BEE5A1771BF0E75C00131875 /* Info.plist */ = {isa = PBXFileReference; lastKnownFileType = text.plist.xml; path = Info.plist; sourceTree = "<group>"; };
		BEE5A17C1BF0E75C00131875 /* domainTests.xctest */ = {isa = PBXFileReference; explicitFileType = wrapper.cfbundle; includeInIndex = 0; path = domainTests.xctest; sourceTree = BUILT_PRODUCTS_DIR; };
		BEE5A1851BF0E75C00131875 /* Info.plist */ = {isa = PBXFileReference; lastKnownFileType = text.plist.xml; path = Info.plist; sourceTree = "<group>"; };
		BEE5A1A51BF0FBB800131875 /* BackgroundExecutorTestCase.swift */ = {isa = PBXFileReference; fileEncoding = 4; lastKnownFileType = sourcecode.swift; name = BackgroundExecutorTestCase.swift; path = "kata-roman-numeralTests/BackgroundExecutorTestCase.swift"; sourceTree = "<group>"; };
		BEE5A1A71BF0FBCA00131875 /* ConvertToRomanInteractorTestCase.swift */ = {isa = PBXFileReference; fileEncoding = 4; lastKnownFileType = sourcecode.swift; path = ConvertToRomanInteractorTestCase.swift; sourceTree = "<group>"; };
		BEE5A1A81BF0FBCA00131875 /* InvokerCommandFacadeTestCase.swift */ = {isa = PBXFileReference; fileEncoding = 4; lastKnownFileType = sourcecode.swift; path = InvokerCommandFacadeTestCase.swift; sourceTree = "<group>"; };
		BEEE4F211BF640390097E8D2 /* ConsoleLoggerTestCase.swift */ = {isa = PBXFileReference; fileEncoding = 4; lastKnownFileType = sourcecode.swift; name = ConsoleLoggerTestCase.swift; path = "kata-roman-numeralTests/ConsoleLoggerTestCase.swift"; sourceTree = "<group>"; };
		BEEE4F231BF640840097E8D2 /* ConvertToRomanCommand.swift */ = {isa = PBXFileReference; fileEncoding = 4; lastKnownFileType = sourcecode.swift; name = ConvertToRomanCommand.swift; path = domain/ConvertToRomanCommand.swift; sourceTree = SOURCE_ROOT; };
		BEEE4F241BF640840097E8D2 /* ConvertToRomanFacade.swift */ = {isa = PBXFileReference; fileEncoding = 4; lastKnownFileType = sourcecode.swift; name = ConvertToRomanFacade.swift; path = domain/ConvertToRomanFacade.swift; sourceTree = SOURCE_ROOT; };
		BEEE4F251BF640840097E8D2 /* ConvertToRomanInteractor.swift */ = {isa = PBXFileReference; fileEncoding = 4; lastKnownFileType = sourcecode.swift; name = ConvertToRomanInteractor.swift; path = domain/ConvertToRomanInteractor.swift; sourceTree = SOURCE_ROOT; };
		BEEE4F291BF640D90097E8D2 /* Executor.swift */ = {isa = PBXFileReference; fileEncoding = 4; lastKnownFileType = sourcecode.swift; name = Executor.swift; path = domain/Executor.swift; sourceTree = SOURCE_ROOT; };
		BEEE4F2B1BF640E70097E8D2 /* Logger.swift */ = {isa = PBXFileReference; fileEncoding = 4; lastKnownFileType = sourcecode.swift; name = Logger.swift; path = domain/Logger.swift; sourceTree = SOURCE_ROOT; };
		BEEE4F2D1BF641210097E8D2 /* BaseCommand.swift */ = {isa = PBXFileReference; fileEncoding = 4; lastKnownFileType = sourcecode.swift; name = BaseCommand.swift; path = domain/BaseCommand.swift; sourceTree = SOURCE_ROOT; };
		BEEE4F2E1BF641210097E8D2 /* BaseFacade.swift */ = {isa = PBXFileReference; fileEncoding = 4; lastKnownFileType = sourcecode.swift; name = BaseFacade.swift; path = domain/BaseFacade.swift; sourceTree = SOURCE_ROOT; };
		BEEE4F2F1BF641210097E8D2 /* Command.swift */ = {isa = PBXFileReference; fileEncoding = 4; lastKnownFileType = sourcecode.swift; name = Command.swift; path = domain/Command.swift; sourceTree = SOURCE_ROOT; };
		BEEE4F301BF641210097E8D2 /* Invoker.swift */ = {isa = PBXFileReference; fileEncoding = 4; lastKnownFileType = sourcecode.swift; name = Invoker.swift; path = domain/Invoker.swift; sourceTree = SOURCE_ROOT; };
		BEEE4F311BF641210097E8D2 /* LoggingInvoker.swift */ = {isa = PBXFileReference; fileEncoding = 4; lastKnownFileType = sourcecode.swift; name = LoggingInvoker.swift; path = domain/LoggingInvoker.swift; sourceTree = SOURCE_ROOT; };
		BEEE4F371BF6417D0097E8D2 /* RomanConverterPresenter.swift */ = {isa = PBXFileReference; fileEncoding = 4; lastKnownFileType = sourcecode.swift; name = RomanConverterPresenter.swift; path = presentation/RomanConverterPresenter.swift; sourceTree = SOURCE_ROOT; };
		BEEE4F521BFA2F460097E8D2 /* Swinject.framework */ = {isa = PBXFileReference; lastKnownFileType = wrapper.framework; name = Swinject.framework; path = ../Carthage/Build/iOS/Swinject.framework; sourceTree = "<group>"; };
		BEFF41001BF24E0D0025130E /* TestExecutor.swift */ = {isa = PBXFileReference; fileEncoding = 4; lastKnownFileType = sourcecode.swift; path = TestExecutor.swift; sourceTree = "<group>"; };
		BEFF41071BF2654B0025130E /* ConsoleLogger.swift */ = {isa = PBXFileReference; fileEncoding = 4; lastKnownFileType = sourcecode.swift; path = ConsoleLogger.swift; sourceTree = "<group>"; };
/* End PBXFileReference section */

/* Begin PBXFrameworksBuildPhase section */
		BE6960971BF3923F0085FE07 /* Frameworks */ = {
			isa = PBXFrameworksBuildPhase;
			buildActionMask = 2147483647;
			files = (
				BE6960B81BF3929D0085FE07 /* domain.framework in Frameworks */,
			);
			runOnlyForDeploymentPostprocessing = 0;
		};
		BE6960A11BF392400085FE07 /* Frameworks */ = {
			isa = PBXFrameworksBuildPhase;
			buildActionMask = 2147483647;
			files = (
				BE6960A51BF392400085FE07 /* presentation.framework in Frameworks */,
			);
			runOnlyForDeploymentPostprocessing = 0;
		};
		BED782F01BC6AF5D00F3CD14 /* Frameworks */ = {
			isa = PBXFrameworksBuildPhase;
			buildActionMask = 2147483647;
			files = (
				BE6960B01BF392400085FE07 /* presentation.framework in Frameworks */,
				BEEE4F531BFA2F460097E8D2 /* Swinject.framework in Frameworks */,
			);
			runOnlyForDeploymentPostprocessing = 0;
		};
		BED783041BC6AF5D00F3CD14 /* Frameworks */ = {
			isa = PBXFrameworksBuildPhase;
			buildActionMask = 2147483647;
			files = (
			);
			runOnlyForDeploymentPostprocessing = 0;
		};
		BEE5A16F1BF0E75C00131875 /* Frameworks */ = {
			isa = PBXFrameworksBuildPhase;
			buildActionMask = 2147483647;
			files = (
			);
			runOnlyForDeploymentPostprocessing = 0;
		};
		BEE5A1791BF0E75C00131875 /* Frameworks */ = {
			isa = PBXFrameworksBuildPhase;
			buildActionMask = 2147483647;
			files = (
				BEE5A17D1BF0E75C00131875 /* domain.framework in Frameworks */,
			);
			runOnlyForDeploymentPostprocessing = 0;
		};
/* End PBXFrameworksBuildPhase section */

/* Begin PBXGroup section */
		BE2F7C4E1BD13BAE0020F2DA /* Convert To Roman */ = {
			isa = PBXGroup;
			children = (
				BECF932A1BF4E2DC00084E6C /* View */,
				BE6960BD1BF394140085FE07 /* Presentation */,
				BEEE4F201BF62BE80097E8D2 /* Domain */,
			);
			name = "Convert To Roman";
			sourceTree = "<group>";
		};
		BE6960951BF3912D0085FE07 /* Services */ = {
			isa = PBXGroup;
			children = (
				BEFF41031BF2549A0025130E /* Logger */,
				BEAF58501BD5426D00FBD472 /* Invoker */,
			);
			name = Services;
			sourceTree = "<group>";
		};
		BE69609C1BF392400085FE07 /* presentation */ = {
			isa = PBXGroup;
			children = (
				BE69609D1BF392400085FE07 /* presentation.h */,
				BE69609F1BF392400085FE07 /* Info.plist */,
			);
			path = presentation;
			sourceTree = "<group>";
		};
		BE6960AA1BF392400085FE07 /* presentationTests */ = {
			isa = PBXGroup;
			children = (
				BE6960AB1BF392400085FE07 /* presentationTests.swift */,
				BE6960AD1BF392400085FE07 /* Info.plist */,
			);
			path = presentationTests;
			sourceTree = "<group>";
		};
		BE6960BD1BF394140085FE07 /* Presentation */ = {
			isa = PBXGroup;
			children = (
				BEEE4F371BF6417D0097E8D2 /* RomanConverterPresenter.swift */,
			);
			name = Presentation;
			sourceTree = "<group>";
		};
		BEAF58501BD5426D00FBD472 /* Invoker */ = {
			isa = PBXGroup;
			children = (
				BEE5A1981BF0EB7300131875 /* Infrastructure */,
				BEE5A19D1BF0EBFD00131875 /* Dependency */,
				BEEE4F2D1BF641210097E8D2 /* BaseCommand.swift */,
				BEEE4F2E1BF641210097E8D2 /* BaseFacade.swift */,
				BEEE4F2F1BF641210097E8D2 /* Command.swift */,
				BEEE4F301BF641210097E8D2 /* Invoker.swift */,
				BEEE4F311BF641210097E8D2 /* LoggingInvoker.swift */,
			);
			name = Invoker;
			sourceTree = "<group>";
		};
		BEC2CE981BC81C47001ED63C /* Resources */ = {
			isa = PBXGroup;
			children = (
				BED782FD1BC6AF5D00F3CD14 /* Assets.xcassets */,
				BED782FA1BC6AF5D00F3CD14 /* Main.storyboard */,
				BED782FF1BC6AF5D00F3CD14 /* LaunchScreen.storyboard */,
			);
			name = Resources;
			sourceTree = "<group>";
		};
		BECF932A1BF4E2DC00084E6C /* View */ = {
			isa = PBXGroup;
			children = (
				BED782F81BC6AF5D00F3CD14 /* RomanConverterViewController.swift */,
			);
			name = View;
			sourceTree = "<group>";
		};
		BED782EA1BC6AF5D00F3CD14 = {
			isa = PBXGroup;
			children = (
				BED782F51BC6AF5D00F3CD14 /* kata-roman-numeral */,
				BEE5A1A41BF0FB1F00131875 /* kata-roman-numeralTests */,
				BE69609C1BF392400085FE07 /* presentation */,
				BE6960AA1BF392400085FE07 /* presentationTests */,
				BEE5A1741BF0E75C00131875 /* domain */,
				BEE5A1821BF0E75C00131875 /* domainTests */,
				BED782F41BC6AF5D00F3CD14 /* Products */,
			);
			sourceTree = "<group>";
		};
		BED782F41BC6AF5D00F3CD14 /* Products */ = {
			isa = PBXGroup;
			children = (
				BED782F31BC6AF5D00F3CD14 /* kata-roman-numeral.app */,
				BED783071BC6AF5D00F3CD14 /* kata-roman-numeralTests.xctest */,
				BEE5A1731BF0E75C00131875 /* domain.framework */,
				BEE5A17C1BF0E75C00131875 /* domainTests.xctest */,
				BE69609B1BF3923F0085FE07 /* presentation.framework */,
				BE6960A41BF392400085FE07 /* presentationTests.xctest */,
			);
			name = Products;
			sourceTree = "<group>";
		};
		BED782F51BC6AF5D00F3CD14 /* kata-roman-numeral */ = {
			isa = PBXGroup;
			children = (
				BE6960951BF3912D0085FE07 /* Services */,
				BEF5A6761BFF7055009FF02A /* Use Cases */,
				BEC2CE981BC81C47001ED63C /* Resources */,
				BEF5A6771BFF738D009FF02A /* Frameworks */,
				BED782F61BC6AF5D00F3CD14 /* AppDelegate.swift */,
				BED783021BC6AF5D00F3CD14 /* Info.plist */,
			);
			path = "kata-roman-numeral";
			sourceTree = "<group>";
		};
		BEE5A1741BF0E75C00131875 /* domain */ = {
			isa = PBXGroup;
			children = (
				BEE5A1751BF0E75C00131875 /* domain.h */,
				BEE5A1771BF0E75C00131875 /* Info.plist */,
			);
			path = domain;
			sourceTree = "<group>";
		};
		BEE5A1821BF0E75C00131875 /* domainTests */ = {
			isa = PBXGroup;
			children = (
				BEFF41021BF24FB40025130E /* Dependecy Mock */,
				BEE5A1A71BF0FBCA00131875 /* ConvertToRomanInteractorTestCase.swift */,
				BEE5A1A81BF0FBCA00131875 /* InvokerCommandFacadeTestCase.swift */,
				BEE5A1851BF0E75C00131875 /* Info.plist */,
			);
			path = domainTests;
			sourceTree = "<group>";
		};
		BEE5A1981BF0EB7300131875 /* Infrastructure */ = {
			isa = PBXGroup;
			children = (
				BEB391DA1BEBA85300D2C603 /* BackgroundExecutor.swift */,
			);
			name = Infrastructure;
			sourceTree = "<group>";
		};
		BEE5A19D1BF0EBFD00131875 /* Dependency */ = {
			isa = PBXGroup;
			children = (
				BEEE4F291BF640D90097E8D2 /* Executor.swift */,
			);
			name = Dependency;
			sourceTree = "<group>";
		};
		BEE5A1A41BF0FB1F00131875 /* kata-roman-numeralTests */ = {
			isa = PBXGroup;
			children = (
				BEE5A1A51BF0FBB800131875 /* BackgroundExecutorTestCase.swift */,
				BEEE4F211BF640390097E8D2 /* ConsoleLoggerTestCase.swift */,
			);
			name = "kata-roman-numeralTests";
			sourceTree = "<group>";
		};
		BEEE4F201BF62BE80097E8D2 /* Domain */ = {
			isa = PBXGroup;
			children = (
				BEEE4F231BF640840097E8D2 /* ConvertToRomanCommand.swift */,
				BEEE4F241BF640840097E8D2 /* ConvertToRomanFacade.swift */,
				BEEE4F251BF640840097E8D2 /* ConvertToRomanInteractor.swift */,
			);
			name = Domain;
			sourceTree = "<group>";
		};
		BEF5A6761BFF7055009FF02A /* Use Cases */ = {
			isa = PBXGroup;
			children = (
				BE2F7C4E1BD13BAE0020F2DA /* Convert To Roman */,
			);
			name = "Use Cases";
			sourceTree = "<group>";
		};
		BEF5A6771BFF738D009FF02A /* Frameworks */ = {
			isa = PBXGroup;
			children = (
				BEEE4F521BFA2F460097E8D2 /* Swinject.framework */,
			);
			name = Frameworks;
			sourceTree = "<group>";
		};
		BEFF41021BF24FB40025130E /* Dependecy Mock */ = {
			isa = PBXGroup;
			children = (
				BEFF41001BF24E0D0025130E /* TestExecutor.swift */,
			);
			name = "Dependecy Mock";
			sourceTree = "<group>";
		};
		BEFF41031BF2549A0025130E /* Logger */ = {
			isa = PBXGroup;
			children = (
				BEFF41061BF265340025130E /* Infrastructure */,
				BEEE4F2B1BF640E70097E8D2 /* Logger.swift */,
			);
			name = Logger;
			sourceTree = "<group>";
		};
		BEFF41061BF265340025130E /* Infrastructure */ = {
			isa = PBXGroup;
			children = (
				BEFF41071BF2654B0025130E /* ConsoleLogger.swift */,
			);
			name = Infrastructure;
			sourceTree = "<group>";
		};
/* End PBXGroup section */

/* Begin PBXHeadersBuildPhase section */
		BE6960981BF3923F0085FE07 /* Headers */ = {
			isa = PBXHeadersBuildPhase;
			buildActionMask = 2147483647;
			files = (
				BE69609E1BF392400085FE07 /* presentation.h in Headers */,
			);
			runOnlyForDeploymentPostprocessing = 0;
		};
		BEE5A1701BF0E75C00131875 /* Headers */ = {
			isa = PBXHeadersBuildPhase;
			buildActionMask = 2147483647;
			files = (
				BEE5A1761BF0E75C00131875 /* domain.h in Headers */,
			);
			runOnlyForDeploymentPostprocessing = 0;
		};
/* End PBXHeadersBuildPhase section */

/* Begin PBXNativeTarget section */
		BE69609A1BF3923F0085FE07 /* presentation */ = {
			isa = PBXNativeTarget;
			buildConfigurationList = BE6960B21BF392400085FE07 /* Build configuration list for PBXNativeTarget "presentation" */;
			buildPhases = (
				BE6960961BF3923F0085FE07 /* Sources */,
				BE6960971BF3923F0085FE07 /* Frameworks */,
				BE6960981BF3923F0085FE07 /* Headers */,
				BE6960991BF3923F0085FE07 /* Resources */,
			);
			buildRules = (
			);
			dependencies = (
				BE6960BA1BF392A20085FE07 /* PBXTargetDependency */,
			);
			name = presentation;
			productName = presentation;
			productReference = BE69609B1BF3923F0085FE07 /* presentation.framework */;
			productType = "com.apple.product-type.framework";
		};
		BE6960A31BF392400085FE07 /* presentationTests */ = {
			isa = PBXNativeTarget;
			buildConfigurationList = BE6960B51BF392400085FE07 /* Build configuration list for PBXNativeTarget "presentationTests" */;
			buildPhases = (
				BE6960A01BF392400085FE07 /* Sources */,
				BE6960A11BF392400085FE07 /* Frameworks */,
				BE6960A21BF392400085FE07 /* Resources */,
			);
			buildRules = (
			);
			dependencies = (
				BE6960A71BF392400085FE07 /* PBXTargetDependency */,
				BE6960A91BF392400085FE07 /* PBXTargetDependency */,
			);
			name = presentationTests;
			productName = presentationTests;
			productReference = BE6960A41BF392400085FE07 /* presentationTests.xctest */;
			productType = "com.apple.product-type.bundle.unit-test";
		};
		BED782F21BC6AF5D00F3CD14 /* kata-roman-numeral */ = {
			isa = PBXNativeTarget;
			buildConfigurationList = BED783101BC6AF5D00F3CD14 /* Build configuration list for PBXNativeTarget "kata-roman-numeral" */;
			buildPhases = (
				BED782EF1BC6AF5D00F3CD14 /* Sources */,
				BED782F01BC6AF5D00F3CD14 /* Frameworks */,
				BED782F11BC6AF5D00F3CD14 /* Resources */,
				BEB392111BECF84500D2C603 /* Embed Frameworks */,
			);
			buildRules = (
			);
			dependencies = (
				BE6960AF1BF392400085FE07 /* PBXTargetDependency */,
			);
			name = "kata-roman-numeral";
			productName = "kata-roman-numeral";
			productReference = BED782F31BC6AF5D00F3CD14 /* kata-roman-numeral.app */;
			productType = "com.apple.product-type.application";
		};
		BED783061BC6AF5D00F3CD14 /* kata-roman-numeralTests */ = {
			isa = PBXNativeTarget;
			buildConfigurationList = BED783131BC6AF5D00F3CD14 /* Build configuration list for PBXNativeTarget "kata-roman-numeralTests" */;
			buildPhases = (
				BED783031BC6AF5D00F3CD14 /* Sources */,
				BED783041BC6AF5D00F3CD14 /* Frameworks */,
				BED783051BC6AF5D00F3CD14 /* Resources */,
			);
			buildRules = (
			);
			dependencies = (
				BED783091BC6AF5D00F3CD14 /* PBXTargetDependency */,
			);
			name = "kata-roman-numeralTests";
			productName = "kata-roman-numeralTests";
			productReference = BED783071BC6AF5D00F3CD14 /* kata-roman-numeralTests.xctest */;
			productType = "com.apple.product-type.bundle.unit-test";
		};
		BEE5A1721BF0E75C00131875 /* domain */ = {
			isa = PBXNativeTarget;
			buildConfigurationList = BEE5A18A1BF0E75C00131875 /* Build configuration list for PBXNativeTarget "domain" */;
			buildPhases = (
				BEE5A16E1BF0E75C00131875 /* Sources */,
				BEE5A16F1BF0E75C00131875 /* Frameworks */,
				BEE5A1701BF0E75C00131875 /* Headers */,
				BEE5A1711BF0E75C00131875 /* Resources */,
			);
			buildRules = (
			);
			dependencies = (
			);
			name = domain;
			productName = domain;
			productReference = BEE5A1731BF0E75C00131875 /* domain.framework */;
			productType = "com.apple.product-type.framework";
		};
		BEE5A17B1BF0E75C00131875 /* domainTests */ = {
			isa = PBXNativeTarget;
			buildConfigurationList = BEE5A18D1BF0E75C00131875 /* Build configuration list for PBXNativeTarget "domainTests" */;
			buildPhases = (
				BEE5A1781BF0E75C00131875 /* Sources */,
				BEE5A1791BF0E75C00131875 /* Frameworks */,
				BEE5A17A1BF0E75C00131875 /* Resources */,
			);
			buildRules = (
			);
			dependencies = (
				BEE5A17F1BF0E75C00131875 /* PBXTargetDependency */,
			);
			name = domainTests;
			productName = domainTests;
			productReference = BEE5A17C1BF0E75C00131875 /* domainTests.xctest */;
			productType = "com.apple.product-type.bundle.unit-test";
		};
/* End PBXNativeTarget section */

/* Begin PBXProject section */
		BED782EB1BC6AF5D00F3CD14 /* Project object */ = {
			isa = PBXProject;
			attributes = {
				LastSwiftUpdateCheck = 0710;
				LastUpgradeCheck = 0700;
				ORGANIZATIONNAME = "Ondrej Fabian";
				TargetAttributes = {
					BE69609A1BF3923F0085FE07 = {
						CreatedOnToolsVersion = 7.1;
					};
					BE6960A31BF392400085FE07 = {
						CreatedOnToolsVersion = 7.1;
						TestTargetID = BED782F21BC6AF5D00F3CD14;
					};
					BED782F21BC6AF5D00F3CD14 = {
						CreatedOnToolsVersion = 7.0;
					};
					BED783061BC6AF5D00F3CD14 = {
						CreatedOnToolsVersion = 7.0;
						TestTargetID = BED782F21BC6AF5D00F3CD14;
					};
					BEE5A1721BF0E75C00131875 = {
						CreatedOnToolsVersion = 7.1;
					};
					BEE5A17B1BF0E75C00131875 = {
						CreatedOnToolsVersion = 7.1;
						TestTargetID = BED782F21BC6AF5D00F3CD14;
					};
				};
			};
			buildConfigurationList = BED782EE1BC6AF5D00F3CD14 /* Build configuration list for PBXProject "kata-roman-numeral" */;
			compatibilityVersion = "Xcode 3.2";
			developmentRegion = English;
			hasScannedForEncodings = 0;
			knownRegions = (
				en,
				Base,
			);
			mainGroup = BED782EA1BC6AF5D00F3CD14;
			productRefGroup = BED782F41BC6AF5D00F3CD14 /* Products */;
			projectDirPath = "";
			projectRoot = "";
			targets = (
				BED782F21BC6AF5D00F3CD14 /* kata-roman-numeral */,
				BED783061BC6AF5D00F3CD14 /* kata-roman-numeralTests */,
				BE69609A1BF3923F0085FE07 /* presentation */,
				BE6960A31BF392400085FE07 /* presentationTests */,
				BEE5A1721BF0E75C00131875 /* domain */,
				BEE5A17B1BF0E75C00131875 /* domainTests */,
			);
		};
/* End PBXProject section */

/* Begin PBXResourcesBuildPhase section */
		BE6960991BF3923F0085FE07 /* Resources */ = {
			isa = PBXResourcesBuildPhase;
			buildActionMask = 2147483647;
			files = (
			);
			runOnlyForDeploymentPostprocessing = 0;
		};
		BE6960A21BF392400085FE07 /* Resources */ = {
			isa = PBXResourcesBuildPhase;
			buildActionMask = 2147483647;
			files = (
			);
			runOnlyForDeploymentPostprocessing = 0;
		};
		BED782F11BC6AF5D00F3CD14 /* Resources */ = {
			isa = PBXResourcesBuildPhase;
			buildActionMask = 2147483647;
			files = (
				BED783011BC6AF5D00F3CD14 /* LaunchScreen.storyboard in Resources */,
				BED782FE1BC6AF5D00F3CD14 /* Assets.xcassets in Resources */,
				BED782FC1BC6AF5D00F3CD14 /* Main.storyboard in Resources */,
			);
			runOnlyForDeploymentPostprocessing = 0;
		};
		BED783051BC6AF5D00F3CD14 /* Resources */ = {
			isa = PBXResourcesBuildPhase;
			buildActionMask = 2147483647;
			files = (
			);
			runOnlyForDeploymentPostprocessing = 0;
		};
		BEE5A1711BF0E75C00131875 /* Resources */ = {
			isa = PBXResourcesBuildPhase;
			buildActionMask = 2147483647;
			files = (
			);
			runOnlyForDeploymentPostprocessing = 0;
		};
		BEE5A17A1BF0E75C00131875 /* Resources */ = {
			isa = PBXResourcesBuildPhase;
			buildActionMask = 2147483647;
			files = (
			);
			runOnlyForDeploymentPostprocessing = 0;
		};
/* End PBXResourcesBuildPhase section */

/* Begin PBXSourcesBuildPhase section */
		BE6960961BF3923F0085FE07 /* Sources */ = {
			isa = PBXSourcesBuildPhase;
			buildActionMask = 2147483647;
			files = (
				BEEE4F381BF6417D0097E8D2 /* RomanConverterPresenter.swift in Sources */,
			);
			runOnlyForDeploymentPostprocessing = 0;
		};
		BE6960A01BF392400085FE07 /* Sources */ = {
			isa = PBXSourcesBuildPhase;
			buildActionMask = 2147483647;
			files = (
				BECF93291BF4E06200084E6C /* TestExecutor.swift in Sources */,
				BE6960AC1BF392400085FE07 /* presentationTests.swift in Sources */,
			);
			runOnlyForDeploymentPostprocessing = 0;
		};
		BED782EF1BC6AF5D00F3CD14 /* Sources */ = {
			isa = PBXSourcesBuildPhase;
			buildActionMask = 2147483647;
			files = (
				BED782F91BC6AF5D00F3CD14 /* RomanConverterViewController.swift in Sources */,
				BEFF41081BF2654B0025130E /* ConsoleLogger.swift in Sources */,
				BED782F71BC6AF5D00F3CD14 /* AppDelegate.swift in Sources */,
				BEB391DB1BEBA85300D2C603 /* BackgroundExecutor.swift in Sources */,
			);
			runOnlyForDeploymentPostprocessing = 0;
		};
		BED783031BC6AF5D00F3CD14 /* Sources */ = {
			isa = PBXSourcesBuildPhase;
			buildActionMask = 2147483647;
			files = (
				BEE5A1A61BF0FBB800131875 /* BackgroundExecutorTestCase.swift in Sources */,
				BEEE4F221BF640390097E8D2 /* ConsoleLoggerTestCase.swift in Sources */,
			);
			runOnlyForDeploymentPostprocessing = 0;
		};
		BEE5A16E1BF0E75C00131875 /* Sources */ = {
			isa = PBXSourcesBuildPhase;
			buildActionMask = 2147483647;
			files = (
				BEEE4F351BF641210097E8D2 /* Invoker.swift in Sources */,
				BEEE4F361BF641210097E8D2 /* LoggingInvoker.swift in Sources */,
				BEEE4F281BF640840097E8D2 /* ConvertToRomanInteractor.swift in Sources */,
				BEEE4F2C1BF640E70097E8D2 /* Logger.swift in Sources */,
				BEEE4F2A1BF640D90097E8D2 /* Executor.swift in Sources */,
				BEEE4F321BF641210097E8D2 /* BaseCommand.swift in Sources */,
				BEEE4F341BF641210097E8D2 /* Command.swift in Sources */,
				BEEE4F331BF641210097E8D2 /* BaseFacade.swift in Sources */,
				BEEE4F261BF640840097E8D2 /* ConvertToRomanCommand.swift in Sources */,
				BEEE4F271BF640840097E8D2 /* ConvertToRomanFacade.swift in Sources */,
			);
			runOnlyForDeploymentPostprocessing = 0;
		};
		BEE5A1781BF0E75C00131875 /* Sources */ = {
			isa = PBXSourcesBuildPhase;
			buildActionMask = 2147483647;
			files = (
				BEE5A1AA1BF0FBCA00131875 /* InvokerCommandFacadeTestCase.swift in Sources */,
				BEE5A1A91BF0FBCA00131875 /* ConvertToRomanInteractorTestCase.swift in Sources */,
				BEFF41011BF24E0D0025130E /* TestExecutor.swift in Sources */,
			);
			runOnlyForDeploymentPostprocessing = 0;
		};
/* End PBXSourcesBuildPhase section */

/* Begin PBXTargetDependency section */
		BE6960A71BF392400085FE07 /* PBXTargetDependency */ = {
			isa = PBXTargetDependency;
			target = BE69609A1BF3923F0085FE07 /* presentation */;
			targetProxy = BE6960A61BF392400085FE07 /* PBXContainerItemProxy */;
		};
		BE6960A91BF392400085FE07 /* PBXTargetDependency */ = {
			isa = PBXTargetDependency;
			target = BED782F21BC6AF5D00F3CD14 /* kata-roman-numeral */;
			targetProxy = BE6960A81BF392400085FE07 /* PBXContainerItemProxy */;
		};
		BE6960AF1BF392400085FE07 /* PBXTargetDependency */ = {
			isa = PBXTargetDependency;
			target = BE69609A1BF3923F0085FE07 /* presentation */;
			targetProxy = BE6960AE1BF392400085FE07 /* PBXContainerItemProxy */;
		};
		BE6960BA1BF392A20085FE07 /* PBXTargetDependency */ = {
			isa = PBXTargetDependency;
			target = BEE5A1721BF0E75C00131875 /* domain */;
			targetProxy = BE6960B91BF392A20085FE07 /* PBXContainerItemProxy */;
		};
		BED783091BC6AF5D00F3CD14 /* PBXTargetDependency */ = {
			isa = PBXTargetDependency;
			target = BED782F21BC6AF5D00F3CD14 /* kata-roman-numeral */;
			targetProxy = BED783081BC6AF5D00F3CD14 /* PBXContainerItemProxy */;
		};
		BEE5A17F1BF0E75C00131875 /* PBXTargetDependency */ = {
			isa = PBXTargetDependency;
			target = BEE5A1721BF0E75C00131875 /* domain */;
			targetProxy = BEE5A17E1BF0E75C00131875 /* PBXContainerItemProxy */;
		};
/* End PBXTargetDependency section */

/* Begin PBXVariantGroup section */
		BED782FA1BC6AF5D00F3CD14 /* Main.storyboard */ = {
			isa = PBXVariantGroup;
			children = (
				BED782FB1BC6AF5D00F3CD14 /* Base */,
			);
			name = Main.storyboard;
			sourceTree = "<group>";
		};
		BED782FF1BC6AF5D00F3CD14 /* LaunchScreen.storyboard */ = {
			isa = PBXVariantGroup;
			children = (
				BED783001BC6AF5D00F3CD14 /* Base */,
			);
			name = LaunchScreen.storyboard;
			sourceTree = "<group>";
		};
/* End PBXVariantGroup section */

/* Begin XCBuildConfiguration section */
		BE6960B31BF392400085FE07 /* Debug */ = {
			isa = XCBuildConfiguration;
			buildSettings = {
				CLANG_ENABLE_MODULES = YES;
				CURRENT_PROJECT_VERSION = 1;
				DEFINES_MODULE = YES;
				DYLIB_COMPATIBILITY_VERSION = 1;
				DYLIB_CURRENT_VERSION = 1;
				DYLIB_INSTALL_NAME_BASE = "@rpath";
				INFOPLIST_FILE = presentation/Info.plist;
				INSTALL_PATH = "$(LOCAL_LIBRARY_DIR)/Frameworks";
				IPHONEOS_DEPLOYMENT_TARGET = 9.0;
				LD_RUNPATH_SEARCH_PATHS = "$(inherited) @executable_path/Frameworks @loader_path/Frameworks";
				PRODUCT_BUNDLE_IDENTIFIER = cz.fabo.presentation;
				PRODUCT_NAME = "$(TARGET_NAME)";
				SKIP_INSTALL = YES;
				SWIFT_OPTIMIZATION_LEVEL = "-Onone";
				VERSIONING_SYSTEM = "apple-generic";
				VERSION_INFO_PREFIX = "";
			};
			name = Debug;
		};
		BE6960B41BF392400085FE07 /* Release */ = {
			isa = XCBuildConfiguration;
			buildSettings = {
				CLANG_ENABLE_MODULES = YES;
				CURRENT_PROJECT_VERSION = 1;
				DEFINES_MODULE = YES;
				DYLIB_COMPATIBILITY_VERSION = 1;
				DYLIB_CURRENT_VERSION = 1;
				DYLIB_INSTALL_NAME_BASE = "@rpath";
				INFOPLIST_FILE = presentation/Info.plist;
				INSTALL_PATH = "$(LOCAL_LIBRARY_DIR)/Frameworks";
				IPHONEOS_DEPLOYMENT_TARGET = 9.0;
				LD_RUNPATH_SEARCH_PATHS = "$(inherited) @executable_path/Frameworks @loader_path/Frameworks";
				PRODUCT_BUNDLE_IDENTIFIER = cz.fabo.presentation;
				PRODUCT_NAME = "$(TARGET_NAME)";
				SKIP_INSTALL = YES;
				VERSIONING_SYSTEM = "apple-generic";
				VERSION_INFO_PREFIX = "";
			};
			name = Release;
		};
		BE6960B61BF392400085FE07 /* Debug */ = {
			isa = XCBuildConfiguration;
			buildSettings = {
				INFOPLIST_FILE = presentationTests/Info.plist;
				IPHONEOS_DEPLOYMENT_TARGET = 9.1;
				LD_RUNPATH_SEARCH_PATHS = "$(inherited) @executable_path/Frameworks @loader_path/Frameworks";
				PRODUCT_BUNDLE_IDENTIFIER = cz.fabo.presentationTests;
				PRODUCT_NAME = "$(TARGET_NAME)";
				TEST_HOST = "$(BUILT_PRODUCTS_DIR)/kata-roman-numeral.app/kata-roman-numeral";
			};
			name = Debug;
		};
		BE6960B71BF392400085FE07 /* Release */ = {
			isa = XCBuildConfiguration;
			buildSettings = {
				INFOPLIST_FILE = presentationTests/Info.plist;
				IPHONEOS_DEPLOYMENT_TARGET = 9.1;
				LD_RUNPATH_SEARCH_PATHS = "$(inherited) @executable_path/Frameworks @loader_path/Frameworks";
				PRODUCT_BUNDLE_IDENTIFIER = cz.fabo.presentationTests;
				PRODUCT_NAME = "$(TARGET_NAME)";
				TEST_HOST = "$(BUILT_PRODUCTS_DIR)/kata-roman-numeral.app/kata-roman-numeral";
			};
			name = Release;
		};
		BED7830E1BC6AF5D00F3CD14 /* Debug */ = {
			isa = XCBuildConfiguration;
			buildSettings = {
				ALWAYS_SEARCH_USER_PATHS = NO;
				CLANG_CXX_LANGUAGE_STANDARD = "gnu++0x";
				CLANG_CXX_LIBRARY = "libc++";
				CLANG_ENABLE_MODULES = YES;
				CLANG_ENABLE_OBJC_ARC = YES;
				CLANG_WARN_BOOL_CONVERSION = YES;
				CLANG_WARN_CONSTANT_CONVERSION = YES;
				CLANG_WARN_DIRECT_OBJC_ISA_USAGE = YES_ERROR;
				CLANG_WARN_EMPTY_BODY = YES;
				CLANG_WARN_ENUM_CONVERSION = YES;
				CLANG_WARN_INT_CONVERSION = YES;
				CLANG_WARN_OBJC_ROOT_CLASS = YES_ERROR;
				CLANG_WARN_UNREACHABLE_CODE = YES;
				CLANG_WARN__DUPLICATE_METHOD_MATCH = YES;
				"CODE_SIGN_IDENTITY[sdk=iphoneos*]" = "iPhone Developer";
				COPY_PHASE_STRIP = NO;
				DEBUG_INFORMATION_FORMAT = dwarf;
				ENABLE_STRICT_OBJC_MSGSEND = YES;
				ENABLE_TESTABILITY = YES;
				GCC_C_LANGUAGE_STANDARD = gnu99;
				GCC_DYNAMIC_NO_PIC = NO;
				GCC_NO_COMMON_BLOCKS = YES;
				GCC_OPTIMIZATION_LEVEL = 0;
				GCC_PREPROCESSOR_DEFINITIONS = (
					"DEBUG=1",
					"$(inherited)",
				);
				GCC_WARN_64_TO_32_BIT_CONVERSION = YES;
				GCC_WARN_ABOUT_RETURN_TYPE = YES_ERROR;
				GCC_WARN_UNDECLARED_SELECTOR = YES;
				GCC_WARN_UNINITIALIZED_AUTOS = YES_AGGRESSIVE;
				GCC_WARN_UNUSED_FUNCTION = YES;
				GCC_WARN_UNUSED_VARIABLE = YES;
				IPHONEOS_DEPLOYMENT_TARGET = 9.0;
				MTL_ENABLE_DEBUG_INFO = YES;
				ONLY_ACTIVE_ARCH = YES;
				SDKROOT = iphoneos;
				SWIFT_OPTIMIZATION_LEVEL = "-Onone";
				TARGETED_DEVICE_FAMILY = "1,2";
			};
			name = Debug;
		};
		BED7830F1BC6AF5D00F3CD14 /* Release */ = {
			isa = XCBuildConfiguration;
			buildSettings = {
				ALWAYS_SEARCH_USER_PATHS = NO;
				CLANG_CXX_LANGUAGE_STANDARD = "gnu++0x";
				CLANG_CXX_LIBRARY = "libc++";
				CLANG_ENABLE_MODULES = YES;
				CLANG_ENABLE_OBJC_ARC = YES;
				CLANG_WARN_BOOL_CONVERSION = YES;
				CLANG_WARN_CONSTANT_CONVERSION = YES;
				CLANG_WARN_DIRECT_OBJC_ISA_USAGE = YES_ERROR;
				CLANG_WARN_EMPTY_BODY = YES;
				CLANG_WARN_ENUM_CONVERSION = YES;
				CLANG_WARN_INT_CONVERSION = YES;
				CLANG_WARN_OBJC_ROOT_CLASS = YES_ERROR;
				CLANG_WARN_UNREACHABLE_CODE = YES;
				CLANG_WARN__DUPLICATE_METHOD_MATCH = YES;
				"CODE_SIGN_IDENTITY[sdk=iphoneos*]" = "iPhone Developer";
				COPY_PHASE_STRIP = NO;
				DEBUG_INFORMATION_FORMAT = "dwarf-with-dsym";
				ENABLE_NS_ASSERTIONS = NO;
				ENABLE_STRICT_OBJC_MSGSEND = YES;
				GCC_C_LANGUAGE_STANDARD = gnu99;
				GCC_NO_COMMON_BLOCKS = YES;
				GCC_WARN_64_TO_32_BIT_CONVERSION = YES;
				GCC_WARN_ABOUT_RETURN_TYPE = YES_ERROR;
				GCC_WARN_UNDECLARED_SELECTOR = YES;
				GCC_WARN_UNINITIALIZED_AUTOS = YES_AGGRESSIVE;
				GCC_WARN_UNUSED_FUNCTION = YES;
				GCC_WARN_UNUSED_VARIABLE = YES;
				IPHONEOS_DEPLOYMENT_TARGET = 9.0;
				MTL_ENABLE_DEBUG_INFO = NO;
				SDKROOT = iphoneos;
				TARGETED_DEVICE_FAMILY = "1,2";
				VALIDATE_PRODUCT = YES;
			};
			name = Release;
		};
		BED783111BC6AF5D00F3CD14 /* Debug */ = {
			isa = XCBuildConfiguration;
			buildSettings = {
				ASSETCATALOG_COMPILER_APPICON_NAME = AppIcon;
				EMBEDDED_CONTENT_CONTAINS_SWIFT = YES;
				FRAMEWORK_SEARCH_PATHS = (
					"$(inherited)",
					"$(PROJECT_DIR)/Carthage/Build/iOS",
				);
				INFOPLIST_FILE = "kata-roman-numeral/Info.plist";
				LD_RUNPATH_SEARCH_PATHS = "$(inherited) @executable_path/Frameworks";
				PRODUCT_BUNDLE_IDENTIFIER = "cz.fabo.kata-roman-numeral";
				PRODUCT_NAME = "$(TARGET_NAME)";
			};
			name = Debug;
		};
		BED783121BC6AF5D00F3CD14 /* Release */ = {
			isa = XCBuildConfiguration;
			buildSettings = {
				ASSETCATALOG_COMPILER_APPICON_NAME = AppIcon;
				EMBEDDED_CONTENT_CONTAINS_SWIFT = YES;
				FRAMEWORK_SEARCH_PATHS = (
					"$(inherited)",
					"$(PROJECT_DIR)/Carthage/Build/iOS",
				);
				INFOPLIST_FILE = "kata-roman-numeral/Info.plist";
				LD_RUNPATH_SEARCH_PATHS = "$(inherited) @executable_path/Frameworks";
				PRODUCT_BUNDLE_IDENTIFIER = "cz.fabo.kata-roman-numeral";
				PRODUCT_NAME = "$(TARGET_NAME)";
			};
			name = Release;
		};
		BED783141BC6AF5D00F3CD14 /* Debug */ = {
			isa = XCBuildConfiguration;
			buildSettings = {
				BUNDLE_LOADER = "$(TEST_HOST)";
				INFOPLIST_FILE = "kata-roman-numeralTests/Info.plist";
				LD_RUNPATH_SEARCH_PATHS = "$(inherited) @executable_path/Frameworks @loader_path/Frameworks";
				PRODUCT_BUNDLE_IDENTIFIER = "cz.fabo.kata-roman-numeralTests";
				PRODUCT_NAME = "$(TARGET_NAME)";
				TEST_HOST = "$(BUILT_PRODUCTS_DIR)/kata-roman-numeral.app/kata-roman-numeral";
			};
			name = Debug;
		};
		BED783151BC6AF5D00F3CD14 /* Release */ = {
			isa = XCBuildConfiguration;
			buildSettings = {
				BUNDLE_LOADER = "$(TEST_HOST)";
				INFOPLIST_FILE = "kata-roman-numeralTests/Info.plist";
				LD_RUNPATH_SEARCH_PATHS = "$(inherited) @executable_path/Frameworks @loader_path/Frameworks";
				PRODUCT_BUNDLE_IDENTIFIER = "cz.fabo.kata-roman-numeralTests";
				PRODUCT_NAME = "$(TARGET_NAME)";
				TEST_HOST = "$(BUILT_PRODUCTS_DIR)/kata-roman-numeral.app/kata-roman-numeral";
			};
			name = Release;
		};
		BEE5A18B1BF0E75C00131875 /* Debug */ = {
			isa = XCBuildConfiguration;
			buildSettings = {
				CURRENT_PROJECT_VERSION = 1;
				DEFINES_MODULE = YES;
				DYLIB_COMPATIBILITY_VERSION = 1;
				DYLIB_CURRENT_VERSION = 1;
				DYLIB_INSTALL_NAME_BASE = "@rpath";
				INFOPLIST_FILE = domain/Info.plist;
				INSTALL_PATH = "$(LOCAL_LIBRARY_DIR)/Frameworks";
				IPHONEOS_DEPLOYMENT_TARGET = 9.0;
				LD_RUNPATH_SEARCH_PATHS = "$(inherited) @executable_path/Frameworks @loader_path/Frameworks";
				PRODUCT_BUNDLE_IDENTIFIER = cz.fabo.domain;
				PRODUCT_NAME = "$(TARGET_NAME)";
				SKIP_INSTALL = YES;
				VERSIONING_SYSTEM = "apple-generic";
				VERSION_INFO_PREFIX = "";
			};
			name = Debug;
		};
		BEE5A18C1BF0E75C00131875 /* Release */ = {
			isa = XCBuildConfiguration;
			buildSettings = {
				CURRENT_PROJECT_VERSION = 1;
				DEFINES_MODULE = YES;
				DYLIB_COMPATIBILITY_VERSION = 1;
				DYLIB_CURRENT_VERSION = 1;
				DYLIB_INSTALL_NAME_BASE = "@rpath";
				INFOPLIST_FILE = domain/Info.plist;
				INSTALL_PATH = "$(LOCAL_LIBRARY_DIR)/Frameworks";
				IPHONEOS_DEPLOYMENT_TARGET = 9.0;
				LD_RUNPATH_SEARCH_PATHS = "$(inherited) @executable_path/Frameworks @loader_path/Frameworks";
				PRODUCT_BUNDLE_IDENTIFIER = cz.fabo.domain;
				PRODUCT_NAME = "$(TARGET_NAME)";
				SKIP_INSTALL = YES;
				VERSIONING_SYSTEM = "apple-generic";
				VERSION_INFO_PREFIX = "";
			};
			name = Release;
		};
		BEE5A18E1BF0E75C00131875 /* Debug */ = {
			isa = XCBuildConfiguration;
			buildSettings = {
				INFOPLIST_FILE = domainTests/Info.plist;
				IPHONEOS_DEPLOYMENT_TARGET = 9.1;
				LD_RUNPATH_SEARCH_PATHS = "$(inherited) @executable_path/Frameworks @loader_path/Frameworks";
				PRODUCT_BUNDLE_IDENTIFIER = cz.fabo.domainTests;
				PRODUCT_NAME = "$(TARGET_NAME)";
				TEST_HOST = "$(BUILT_PRODUCTS_DIR)/kata-roman-numeral.app/kata-roman-numeral";
			};
			name = Debug;
		};
		BEE5A18F1BF0E75C00131875 /* Release */ = {
			isa = XCBuildConfiguration;
			buildSettings = {
				INFOPLIST_FILE = domainTests/Info.plist;
				IPHONEOS_DEPLOYMENT_TARGET = 9.1;
				LD_RUNPATH_SEARCH_PATHS = "$(inherited) @executable_path/Frameworks @loader_path/Frameworks";
				PRODUCT_BUNDLE_IDENTIFIER = cz.fabo.domainTests;
				PRODUCT_NAME = "$(TARGET_NAME)";
				TEST_HOST = "$(BUILT_PRODUCTS_DIR)/kata-roman-numeral.app/kata-roman-numeral";
			};
			name = Release;
		};
/* End XCBuildConfiguration section */

/* Begin XCConfigurationList section */
		BE6960B21BF392400085FE07 /* Build configuration list for PBXNativeTarget "presentation" */ = {
			isa = XCConfigurationList;
			buildConfigurations = (
				BE6960B31BF392400085FE07 /* Debug */,
				BE6960B41BF392400085FE07 /* Release */,
			);
			defaultConfigurationIsVisible = 0;
			defaultConfigurationName = Release;
		};
		BE6960B51BF392400085FE07 /* Build configuration list for PBXNativeTarget "presentationTests" */ = {
			isa = XCConfigurationList;
			buildConfigurations = (
				BE6960B61BF392400085FE07 /* Debug */,
				BE6960B71BF392400085FE07 /* Release */,
			);
			defaultConfigurationIsVisible = 0;
			defaultConfigurationName = Release;
		};
		BED782EE1BC6AF5D00F3CD14 /* Build configuration list for PBXProject "kata-roman-numeral" */ = {
			isa = XCConfigurationList;
			buildConfigurations = (
				BED7830E1BC6AF5D00F3CD14 /* Debug */,
				BED7830F1BC6AF5D00F3CD14 /* Release */,
			);
			defaultConfigurationIsVisible = 0;
			defaultConfigurationName = Release;
		};
		BED783101BC6AF5D00F3CD14 /* Build configuration list for PBXNativeTarget "kata-roman-numeral" */ = {
			isa = XCConfigurationList;
			buildConfigurations = (
				BED783111BC6AF5D00F3CD14 /* Debug */,
				BED783121BC6AF5D00F3CD14 /* Release */,
			);
			defaultConfigurationIsVisible = 0;
			defaultConfigurationName = Release;
		};
		BED783131BC6AF5D00F3CD14 /* Build configuration list for PBXNativeTarget "kata-roman-numeralTests" */ = {
			isa = XCConfigurationList;
			buildConfigurations = (
				BED783141BC6AF5D00F3CD14 /* Debug */,
				BED783151BC6AF5D00F3CD14 /* Release */,
			);
			defaultConfigurationIsVisible = 0;
			defaultConfigurationName = Release;
		};
		BEE5A18A1BF0E75C00131875 /* Build configuration list for PBXNativeTarget "domain" */ = {
			isa = XCConfigurationList;
			buildConfigurations = (
				BEE5A18B1BF0E75C00131875 /* Debug */,
				BEE5A18C1BF0E75C00131875 /* Release */,
			);
			defaultConfigurationIsVisible = 0;
			defaultConfigurationName = Release;
		};
		BEE5A18D1BF0E75C00131875 /* Build configuration list for PBXNativeTarget "domainTests" */ = {
			isa = XCConfigurationList;
			buildConfigurations = (
				BEE5A18E1BF0E75C00131875 /* Debug */,
				BEE5A18F1BF0E75C00131875 /* Release */,
			);
			defaultConfigurationIsVisible = 0;
			defaultConfigurationName = Release;
		};
/* End XCConfigurationList section */
	};
	rootObject = BED782EB1BC6AF5D00F3CD14 /* Project object */;
}
